
Microsoft Visual Studio Solution File, Format Version 12.00
# Visual Studio 15
Project("{FAE04EC0-301F-11D3-BF4B-00C04F79EFBC}") = "dbLabs", "dbLabs\dbLabs.csproj", "{2DCC75B9-124E-4C5F-BB04-D8E7F28DEE6E}"
EndProject
Project("{FAE04EC0-301F-11D3-BF4B-00C04F79EFBC}") = "dbLabs.MacOS", "dbLabs.MacOS\dbLabs.MacOS.csproj", "{6527DFFF-3971-4679-91EF-6BD0CE8439D4}"
EndProject
Global
	GlobalSection(SolutionConfigurationPlatforms) = preSolution
		Debug|iPhoneSimulator = Debug|iPhoneSimulator
		Release|iPhoneSimulator = Release|iPhoneSimulator
		Debug|iPhone = Debug|iPhone
		Release|iPhone = Release|iPhone
		Debug|Any CPU = Debug|Any CPU
		Release|Any CPU = Release|Any CPU
	EndGlobalSection
	GlobalSection(ProjectConfigurationPlatforms) = postSolution
		{2DCC75B9-124E-4C5F-BB04-D8E7F28DEE6E}.Debug|iPhoneSimulator.ActiveCfg = Debug|Any CPU
		{2DCC75B9-124E-4C5F-BB04-D8E7F28DEE6E}.Debug|iPhoneSimulator.Build.0 = Debug|Any CPU
		{2DCC75B9-124E-4C5F-BB04-D8E7F28DEE6E}.Release|iPhoneSimulator.ActiveCfg = Release|Any CPU
		{2DCC75B9-124E-4C5F-BB04-D8E7F28DEE6E}.Release|iPhoneSimulator.Build.0 = Release|Any CPU
		{2DCC75B9-124E-4C5F-BB04-D8E7F28DEE6E}.Debug|iPhone.ActiveCfg = Debug|Any CPU
		{2DCC75B9-124E-4C5F-BB04-D8E7F28DEE6E}.Debug|iPhone.Build.0 = Debug|Any CPU
		{2DCC75B9-124E-4C5F-BB04-D8E7F28DEE6E}.Release|iPhone.ActiveCfg = Release|Any CPU
		{2DCC75B9-124E-4C5F-BB04-D8E7F28DEE6E}.Release|iPhone.Build.0 = Release|Any CPU
		{2DCC75B9-124E-4C5F-BB04-D8E7F28DEE6E}.Debug|Any CPU.ActiveCfg = Debug|Any CPU
		{2DCC75B9-124E-4C5F-BB04-D8E7F28DEE6E}.Debug|Any CPU.Build.0 = Debug|Any CPU
		{2DCC75B9-124E-4C5F-BB04-D8E7F28DEE6E}.Release|Any CPU.ActiveCfg = Release|Any CPU
		{2DCC75B9-124E-4C5F-BB04-D8E7F28DEE6E}.Release|Any CPU.Build.0 = Release|Any CPU
		{6527DFFF-3971-4679-91EF-6BD0CE8439D4}.Debug|iPhoneSimulator.ActiveCfg = Debug|Any CPU
		{6527DFFF-3971-4679-91EF-6BD0CE8439D4}.Debug|iPhoneSimulator.Build.0 = Debug|Any CPU
		{6527DFFF-3971-4679-91EF-6BD0CE8439D4}.Release|iPhoneSimulator.ActiveCfg = Release|Any CPU
		{6527DFFF-3971-4679-91EF-6BD0CE8439D4}.Release|iPhoneSimulator.Build.0 = Release|Any CPU
		{6527DFFF-3971-4679-91EF-6BD0CE8439D4}.Debug|iPhone.ActiveCfg = Debug|Any CPU
		{6527DFFF-3971-4679-91EF-6BD0CE8439D4}.Debug|iPhone.Build.0 = Debug|Any CPU
		{6527DFFF-3971-4679-91EF-6BD0CE8439D4}.Release|iPhone.ActiveCfg = Release|Any CPU
		{6527DFFF-3971-4679-91EF-6BD0CE8439D4}.Release|iPhone.Build.0 = Release|Any CPU
		{6527DFFF-3971-4679-91EF-6BD0CE8439D4}.Debug|Any CPU.ActiveCfg = Debug|Any CPU
		{6527DFFF-3971-4679-91EF-6BD0CE8439D4}.Debug|Any CPU.Build.0 = Debug|Any CPU
		{6527DFFF-3971-4679-91EF-6BD0CE8439D4}.Release|Any CPU.ActiveCfg = Release|Any CPU
		{6527DFFF-3971-4679-91EF-6BD0CE8439D4}.Release|Any CPU.Build.0 = Release|Any CPU
	EndGlobalSection
	GlobalSection(MonoDevelopProperties) = preSolution
		Policies = $0
		$0.DotNetNamingPolicy = $1
		$1.DirectoryNamespaceAssociation = PrefixedHierarchical
		$0.TextStylePolicy = $2
		$2.FileWidth = 80
		$2.scope = text/x-csharp
		$0.CSharpFormattingPolicy = $3
		$3.IndentSwitchSection = False
		$3.NewLinesForBracesInTypes = False
		$3.NewLinesForBracesInMethods = False
		$3.NewLinesForBracesInProperties = False
		$3.NewLinesForBracesInAccessors = False
		$3.NewLinesForBracesInAnonymousMethods = False
		$3.NewLinesForBracesInControlBlocks = False
		$3.NewLinesForBracesInAnonymousTypes = False
		$3.NewLinesForBracesInObjectCollectionArrayInitializers = False
		$3.NewLinesForBracesInLambdaExpressionBody = False
		$3.NewLineForElse = False
		$3.NewLineForCatch = False
		$3.NewLineForFinally = False
		$3.NewLineForMembersInObjectInit = False
		$3.NewLineForMembersInAnonymousTypes = False
		$3.NewLineForClausesInQuery = False
		$3.SpaceAfterControlFlowStatementKeyword = False
		$3.scope = text/x-csharp
		$0.StandardHeader = $4
	EndGlobalSection
EndGlobal
