
Microsoft Visual Studio Solution File, Format Version 12.00
# Visual Studio 15
Project("{FAE04EC0-301F-11D3-BF4B-00C04F79EFBC}") = "dbLabs", "dbLabs.csproj", "{F78000AB-6115-4297-9A2A-C4BBB0C79026}"
EndProject
Global
	GlobalSection(SolutionConfigurationPlatforms) = preSolution
		Debug|Any CPU = Debug|Any CPU
		Release|Any CPU = Release|Any CPU
	EndGlobalSection
	GlobalSection(ProjectConfigurationPlatforms) = postSolution
		{F78000AB-6115-4297-9A2A-C4BBB0C79026}.Debug|Any CPU.ActiveCfg = Debug|Any CPU
		{F78000AB-6115-4297-9A2A-C4BBB0C79026}.Debug|Any CPU.Build.0 = Debug|Any CPU
		{F78000AB-6115-4297-9A2A-C4BBB0C79026}.Release|Any CPU.ActiveCfg = Release|Any CPU
		{F78000AB-6115-4297-9A2A-C4BBB0C79026}.Release|Any CPU.Build.0 = Release|Any CPU
	EndGlobalSection
EndGlobal
